
Microsoft Visual Studio Solution File, Format Version 12.00
# Visual Studio 15
VisualStudioVersion = 15.0.27004.2008
MinimumVisualStudioVersion = 10.0.40219.1
Project("{FAE04EC0-301F-11D3-BF4B-00C04F79EFBC}") = "DecoratorPattern", "DecoratorPattern\DecoratorPattern.csproj", "{D1B8FB6A-EFA5-4576-BD38-0DBC2B9A0A30}"
EndProject
Global
	GlobalSection(SolutionConfigurationPlatforms) = preSolution
		Debug|Any CPU = Debug|Any CPU
		Release|Any CPU = Release|Any CPU
	EndGlobalSection
	GlobalSection(ProjectConfigurationPlatforms) = postSolution
		{D1B8FB6A-EFA5-4576-BD38-0DBC2B9A0A30}.Debug|Any CPU.ActiveCfg = Debug|Any CPU
		{D1B8FB6A-EFA5-4576-BD38-0DBC2B9A0A30}.Debug|Any CPU.Build.0 = Debug|Any CPU
		{D1B8FB6A-EFA5-4576-BD38-0DBC2B9A0A30}.Release|Any CPU.ActiveCfg = Release|Any CPU
		{D1B8FB6A-EFA5-4576-BD38-0DBC2B9A0A30}.Release|Any CPU.Build.0 = Release|Any CPU
	EndGlobalSection
	GlobalSection(SolutionProperties) = preSolution
		HideSolutionNode = FALSE
	EndGlobalSection
	GlobalSection(ExtensibilityGlobals) = postSolution
		SolutionGuid = {735BBD6E-27A0-4EE6-AE68-379AAF0E790D}
	EndGlobalSection
EndGlobal
